
Microsoft Visual Studio Solution File, Format Version 12.00
# Visual Studio Version 17
VisualStudioVersion = 17.13.35806.99
MinimumVisualStudioVersion = 10.0.40219.1
Project("{2150E333-8FDC-42A3-9474-1A3956D46DE8}") = "01", "01", "{02EA681E-C7D8-13C7-8484-4AC65E1B71E8}"
EndProject
Project("{FAE04EC0-301F-11D3-BF4B-00C04F79EFBC}") = "IsNumberOddOrNot", "IsNumberOddOrNot\IsNumberOddOrNot.csproj", "{03F1C1BC-CA10-4123-B3BD-5C7F40BD6103}"
EndProject
Project("{2150E333-8FDC-42A3-9474-1A3956D46DE8}") = "02", "02", "{C3A82815-7761-49D3-9664-9566EAB5A075}"
EndProject
Project("{FAE04EC0-301F-11D3-BF4B-00C04F79EFBC}") = "TheGreathestNumber", "TheGreathestNumber\TheGreathestNumber.csproj", "{98C930F3-F2A6-4DE0-822D-ABFB1D5ABB57}"
EndProject
Project("{2150E333-8FDC-42A3-9474-1A3956D46DE8}") = "04", "04", "{9F77DB2F-EC4C-436C-8B58-6ECF0411EB2F}"
EndProject
Project("{FAE04EC0-301F-11D3-BF4B-00C04F79EFBC}") = "IsMultipleOfAnother", "IsMultipleOfAnother\IsMultipleOfAnother.csproj", "{6D0E3CC3-8C52-4BFD-AD82-DCC3D33AE2B9}"
EndProject
Project("{2150E333-8FDC-42A3-9474-1A3956D46DE8}") = "03", "03", "{203CE53E-CE04-45EF-9FC7-6B447EA006BC}"
EndProject
Project("{FAE04EC0-301F-11D3-BF4B-00C04F79EFBC}") = "SortNumbers", "SortNumbers\SortNumbers.csproj", "{F9291106-5861-4A6D-B7AD-0688325A770F}"
EndProject
Project("{2150E333-8FDC-42A3-9474-1A3956D46DE8}") = "Shared", "Shared", "{D0F9A876-72D5-4FDD-A61E-913211E6BB50}"
EndProject
Project("{2150E333-8FDC-42A3-9474-1A3956D46DE8}") = "05", "05", "{C7552E33-92D1-4A6B-8EAB-50BA4F6E69A8}"
EndProject
Project("{FAE04EC0-301F-11D3-BF4B-00C04F79EFBC}") = "IsLeapYear", "IsLeapYear\IsLeapYear.csproj", "{5A984B9C-D36B-40AE-A0D3-2A88FCCC2AE6}"
EndProject
Project("{FAE04EC0-301F-11D3-BF4B-00C04F79EFBC}") = "Shared", "Shared\Shared.csproj", "{310EEA62-CD4A-4EB5-B3A7-BAED7246096C}"
EndProject
Global
	GlobalSection(SolutionConfigurationPlatforms) = preSolution
		Debug|Any CPU = Debug|Any CPU
		Release|Any CPU = Release|Any CPU
	EndGlobalSection
	GlobalSection(ProjectConfigurationPlatforms) = postSolution
		{03F1C1BC-CA10-4123-B3BD-5C7F40BD6103}.Debug|Any CPU.ActiveCfg = Debug|Any CPU
		{03F1C1BC-CA10-4123-B3BD-5C7F40BD6103}.Debug|Any CPU.Build.0 = Debug|Any CPU
		{03F1C1BC-CA10-4123-B3BD-5C7F40BD6103}.Release|Any CPU.ActiveCfg = Release|Any CPU
		{03F1C1BC-CA10-4123-B3BD-5C7F40BD6103}.Release|Any CPU.Build.0 = Release|Any CPU
		{98C930F3-F2A6-4DE0-822D-ABFB1D5ABB57}.Debug|Any CPU.ActiveCfg = Debug|Any CPU
		{98C930F3-F2A6-4DE0-822D-ABFB1D5ABB57}.Debug|Any CPU.Build.0 = Debug|Any CPU
		{98C930F3-F2A6-4DE0-822D-ABFB1D5ABB57}.Release|Any CPU.ActiveCfg = Release|Any CPU
		{98C930F3-F2A6-4DE0-822D-ABFB1D5ABB57}.Release|Any CPU.Build.0 = Release|Any CPU
		{6D0E3CC3-8C52-4BFD-AD82-DCC3D33AE2B9}.Debug|Any CPU.ActiveCfg = Debug|Any CPU
		{6D0E3CC3-8C52-4BFD-AD82-DCC3D33AE2B9}.Debug|Any CPU.Build.0 = Debug|Any CPU
		{6D0E3CC3-8C52-4BFD-AD82-DCC3D33AE2B9}.Release|Any CPU.ActiveCfg = Release|Any CPU
		{6D0E3CC3-8C52-4BFD-AD82-DCC3D33AE2B9}.Release|Any CPU.Build.0 = Release|Any CPU
		{F9291106-5861-4A6D-B7AD-0688325A770F}.Debug|Any CPU.ActiveCfg = Debug|Any CPU
		{F9291106-5861-4A6D-B7AD-0688325A770F}.Debug|Any CPU.Build.0 = Debug|Any CPU
		{F9291106-5861-4A6D-B7AD-0688325A770F}.Release|Any CPU.ActiveCfg = Release|Any CPU
		{F9291106-5861-4A6D-B7AD-0688325A770F}.Release|Any CPU.Build.0 = Release|Any CPU
		{5A984B9C-D36B-40AE-A0D3-2A88FCCC2AE6}.Debug|Any CPU.ActiveCfg = Debug|Any CPU
		{5A984B9C-D36B-40AE-A0D3-2A88FCCC2AE6}.Debug|Any CPU.Build.0 = Debug|Any CPU
		{5A984B9C-D36B-40AE-A0D3-2A88FCCC2AE6}.Release|Any CPU.ActiveCfg = Release|Any CPU
		{5A984B9C-D36B-40AE-A0D3-2A88FCCC2AE6}.Release|Any CPU.Build.0 = Release|Any CPU
		{310EEA62-CD4A-4EB5-B3A7-BAED7246096C}.Debug|Any CPU.ActiveCfg = Debug|Any CPU
		{310EEA62-CD4A-4EB5-B3A7-BAED7246096C}.Debug|Any CPU.Build.0 = Debug|Any CPU
		{310EEA62-CD4A-4EB5-B3A7-BAED7246096C}.Release|Any CPU.ActiveCfg = Release|Any CPU
		{310EEA62-CD4A-4EB5-B3A7-BAED7246096C}.Release|Any CPU.Build.0 = Release|Any CPU
	EndGlobalSection
	GlobalSection(SolutionProperties) = preSolution
		HideSolutionNode = FALSE
	EndGlobalSection
	GlobalSection(NestedProjects) = preSolution
		{03F1C1BC-CA10-4123-B3BD-5C7F40BD6103} = {02EA681E-C7D8-13C7-8484-4AC65E1B71E8}
		{98C930F3-F2A6-4DE0-822D-ABFB1D5ABB57} = {C3A82815-7761-49D3-9664-9566EAB5A075}
		{6D0E3CC3-8C52-4BFD-AD82-DCC3D33AE2B9} = {9F77DB2F-EC4C-436C-8B58-6ECF0411EB2F}
		{F9291106-5861-4A6D-B7AD-0688325A770F} = {203CE53E-CE04-45EF-9FC7-6B447EA006BC}
		{5A984B9C-D36B-40AE-A0D3-2A88FCCC2AE6} = {C7552E33-92D1-4A6B-8EAB-50BA4F6E69A8}
		{310EEA62-CD4A-4EB5-B3A7-BAED7246096C} = {D0F9A876-72D5-4FDD-A61E-913211E6BB50}
	EndGlobalSection
	GlobalSection(ExtensibilityGlobals) = postSolution
		SolutionGuid = {DD859541-5C17-405A-8108-CA9459051B08}
	EndGlobalSection
EndGlobal
